
Microsoft Visual Studio Solution File, Format Version 12.00
# Visual Studio Version 16
VisualStudioVersion = 16.0.32413.511
MinimumVisualStudioVersion = 10.0.40219.1
Project("{9A19103F-16F7-4668-BE54-9A1E7A4F7556}") = "entity_framework", "entity_framework\entity_framework.csproj", "{62B3FA40-9F11-4F4E-9D09-2188A5A54E9D}"
EndProject
Project("{9A19103F-16F7-4668-BE54-9A1E7A4F7556}") = "wpf_ui", "wpf_ui\wpf_ui.csproj", "{B97154F2-56B1-4AB8-B168-54E71B212C8E}"
EndProject
Project("{9A19103F-16F7-4668-BE54-9A1E7A4F7556}") = "entities", "entities\entities.csproj", "{A3D40E5C-C9D7-4705-AA06-2890040955DD}"
EndProject
Project("{FAE04EC0-301F-11D3-BF4B-00C04F79EFBC}") = "BuisnessLogic", "BuisnessLogic\BuisnessLogic.csproj", "{CF640B36-FE0B-46E5-A19C-3D6B8028F2E3}"
EndProject
Global
	GlobalSection(SolutionConfigurationPlatforms) = preSolution
		Debug|Any CPU = Debug|Any CPU
		Release|Any CPU = Release|Any CPU
	EndGlobalSection
	GlobalSection(ProjectConfigurationPlatforms) = postSolution
		{62B3FA40-9F11-4F4E-9D09-2188A5A54E9D}.Debug|Any CPU.ActiveCfg = Debug|Any CPU
		{62B3FA40-9F11-4F4E-9D09-2188A5A54E9D}.Debug|Any CPU.Build.0 = Debug|Any CPU
		{62B3FA40-9F11-4F4E-9D09-2188A5A54E9D}.Release|Any CPU.ActiveCfg = Release|Any CPU
		{62B3FA40-9F11-4F4E-9D09-2188A5A54E9D}.Release|Any CPU.Build.0 = Release|Any CPU
		{B97154F2-56B1-4AB8-B168-54E71B212C8E}.Debug|Any CPU.ActiveCfg = Debug|Any CPU
		{B97154F2-56B1-4AB8-B168-54E71B212C8E}.Debug|Any CPU.Build.0 = Debug|Any CPU
		{B97154F2-56B1-4AB8-B168-54E71B212C8E}.Release|Any CPU.ActiveCfg = Release|Any CPU
		{B97154F2-56B1-4AB8-B168-54E71B212C8E}.Release|Any CPU.Build.0 = Release|Any CPU
		{A3D40E5C-C9D7-4705-AA06-2890040955DD}.Debug|Any CPU.ActiveCfg = Debug|Any CPU
		{A3D40E5C-C9D7-4705-AA06-2890040955DD}.Debug|Any CPU.Build.0 = Debug|Any CPU
		{A3D40E5C-C9D7-4705-AA06-2890040955DD}.Release|Any CPU.ActiveCfg = Release|Any CPU
		{A3D40E5C-C9D7-4705-AA06-2890040955DD}.Release|Any CPU.Build.0 = Release|Any CPU
		{CF640B36-FE0B-46E5-A19C-3D6B8028F2E3}.Debug|Any CPU.ActiveCfg = Debug|Any CPU
		{CF640B36-FE0B-46E5-A19C-3D6B8028F2E3}.Debug|Any CPU.Build.0 = Debug|Any CPU
		{CF640B36-FE0B-46E5-A19C-3D6B8028F2E3}.Release|Any CPU.ActiveCfg = Release|Any CPU
		{CF640B36-FE0B-46E5-A19C-3D6B8028F2E3}.Release|Any CPU.Build.0 = Release|Any CPU
	EndGlobalSection
	GlobalSection(SolutionProperties) = preSolution
		HideSolutionNode = FALSE
	EndGlobalSection
	GlobalSection(ExtensibilityGlobals) = postSolution
		SolutionGuid = {2804252F-EF3A-488E-963C-6239134BF14A}
	EndGlobalSection
EndGlobal
